
Microsoft Visual Studio Solution File, Format Version 12.00
# Visual Studio 14
VisualStudioVersion = 14.0.25420.1
MinimumVisualStudioVersion = 10.0.40219.1
Project("{F184B08F-C81C-45F6-A57F-5ABD9991F28F}") = "Comparar VB", "Comparar VB\Comparar VB.vbproj", "{711BED77-3F07-469C-B411-19A8C8D95E62}"
EndProject
Project("{FAE04EC0-301F-11D3-BF4B-00C04F79EFBC}") = "Comparar CS", "Comparar CS\Comparar CS.csproj", "{9D1B91D4-7FA2-42E0-A6DB-2276DFAED4CD}"
EndProject
Project("{F184B08F-C81C-45F6-A57F-5ABD9991F28F}") = "Menor VB", "Menor VB\Menor VB.vbproj", "{6E405C75-8E75-4F6C-AEA8-051F6E451A20}"
EndProject
Project("{FAE04EC0-301F-11D3-BF4B-00C04F79EFBC}") = "Menor CS", "Menor CS\Menor CS.csproj", "{1B512D15-9C13-439D-82D1-7B8AF045CFDB}"
EndProject
Project("{F184B08F-C81C-45F6-A57F-5ABD9991F28F}") = "Tercero VB", "Tercero VB\Tercero VB.vbproj", "{0CD7869F-2BD7-4C71-8EA8-80867D3A690F}"
EndProject
Project("{FAE04EC0-301F-11D3-BF4B-00C04F79EFBC}") = "Tercero CS", "Tercero CS\Tercero CS.csproj", "{B08C5A8D-4F18-4422-AE62-81A6448191B6}"
EndProject
Project("{F184B08F-C81C-45F6-A57F-5ABD9991F28F}") = "Venta VB", "Venta VB\Venta VB.vbproj", "{444C258D-B0DC-4D92-AA2B-A2989AFB6FE9}"
EndProject
Project("{FAE04EC0-301F-11D3-BF4B-00C04F79EFBC}") = "Venta CS", "Venta CS\Venta CS.csproj", "{FFE8AC35-EAA6-4372-A720-19AB6FA6682D}"
EndProject
Project("{F184B08F-C81C-45F6-A57F-5ABD9991F28F}") = "Angulo VB", "Angulo VB\Angulo VB.vbproj", "{80D5E279-FB22-4AAA-B4AD-917B498E37AE}"
EndProject
Project("{FAE04EC0-301F-11D3-BF4B-00C04F79EFBC}") = "Angulo CS", "Angulo CS\Angulo CS.csproj", "{3291E866-66B1-40C8-8053-30FDE0EB2AA9}"
EndProject
Project("{F184B08F-C81C-45F6-A57F-5ABD9991F28F}") = "Venta 2.0 VB", "Venta 2.0 VB\Venta 2.0 VB.vbproj", "{C1ADEDD3-3BEC-4959-AA5B-0E8671B55065}"
EndProject
Project("{FAE04EC0-301F-11D3-BF4B-00C04F79EFBC}") = "Venta 2.0 CS", "Venta 2.0 CS\Venta 2.0 CS.csproj", "{F3B423A2-C48B-4BF3-94E3-3779AD00D03B}"
EndProject
Project("{F184B08F-C81C-45F6-A57F-5ABD9991F28F}") = "NombreDia VB", "NombreDia VB\NombreDia VB.vbproj", "{FE2136A1-D28F-41DC-B1BF-FE5A3CE8CFD2}"
EndProject
Project("{FAE04EC0-301F-11D3-BF4B-00C04F79EFBC}") = "NombreDia CS", "NombreDia CS\NombreDia CS.csproj", "{D1E011E0-35A5-4EAF-A2FD-C49ADC732262}"
EndProject
Project("{F184B08F-C81C-45F6-A57F-5ABD9991F28F}") = "NumeroDiaDelMes VB", "NumeroDiaDelMes VB\NumeroDiaDelMes VB.vbproj", "{5571572D-45D2-4587-8A76-AEA73D2AB3BB}"
EndProject
Project("{FAE04EC0-301F-11D3-BF4B-00C04F79EFBC}") = "NumeroDiaDelMes CS", "NumeroDiaDelMes CS\NumeroDiaDelMes CS.csproj", "{64488114-9B2D-474C-8CB2-4ABEAFC6953C}"
EndProject
Project("{F184B08F-C81C-45F6-A57F-5ABD9991F28F}") = "Menu VB", "Menu VB\Menu VB.vbproj", "{A882AE32-7E8F-4B99-B1D9-25534C4F6A11}"
EndProject
Project("{FAE04EC0-301F-11D3-BF4B-00C04F79EFBC}") = "Menu CS", "Menu CS\Menu CS.csproj", "{FA521668-BE2D-4574-A548-318A2FC7A0E6}"
EndProject
Project("{F184B08F-C81C-45F6-A57F-5ABD9991F28F}") = "Primos VB", "Primos VB\Primos VB.vbproj", "{4552C39D-E970-45CF-A98A-DF7EBC3B0BD1}"
EndProject
Project("{FAE04EC0-301F-11D3-BF4B-00C04F79EFBC}") = "Primos CS", "Primos CS\Primos CS.csproj", "{594A9296-DC75-4A29-AAC7-CB07230118E8}"
EndProject
Project("{F184B08F-C81C-45F6-A57F-5ABD9991F28F}") = "Fibonacci VB", "Fibonacci VB\Fibonacci VB.vbproj", "{A9A0776D-08EE-4C9F-B711-048CD9A8CC4E}"
EndProject
Project("{FAE04EC0-301F-11D3-BF4B-00C04F79EFBC}") = "Fibonacci CS", "Fibonacci CS\Fibonacci CS.csproj", "{16A23717-A82F-4B75-AFD0-5422256DCDB8}"
EndProject
Project("{F184B08F-C81C-45F6-A57F-5ABD9991F28F}") = "Deposito VB", "Deposito VB\Deposito VB.vbproj", "{595F3258-9394-43C3-A24E-18F926838EA6}"
EndProject
Project("{FAE04EC0-301F-11D3-BF4B-00C04F79EFBC}") = "Deposito CS", "Deposito CS\Deposito CS.csproj", "{40BE7A08-53EC-4BDF-941D-E5BEC44DCDB3}"
EndProject
Project("{F184B08F-C81C-45F6-A57F-5ABD9991F28F}") = "ParesImpares", "ParesImpares\ParesImpares.vbproj", "{61DCC694-20DF-4214-B012-CDE1938A88F4}"
EndProject
Project("{FAE04EC0-301F-11D3-BF4B-00C04F79EFBC}") = "ParesImpares CS", "ParesImpares CS\ParesImpares CS.csproj", "{DF94B49F-04B3-4035-863F-2264EA3D60A4}"
EndProject
Project("{F184B08F-C81C-45F6-A57F-5ABD9991F28F}") = "Descuentoo VB", "Descuentoo VB\Descuentoo VB.vbproj", "{274223BC-8015-40E9-B7DE-7DF0713FADEF}"
EndProject
Project("{F184B08F-C81C-45F6-A57F-5ABD9991F28F}") = "Menu 2.0 VB", "Menu 2.0 VB\Menu 2.0 VB.vbproj", "{0104C18F-CAAE-4A17-BD51-376B68E9B1F3}"
EndProject
Project("{FAE04EC0-301F-11D3-BF4B-00C04F79EFBC}") = "Menu 2.0 CS", "Menu 2.0 CS\Menu 2.0 CS.csproj", "{7BA356E7-2FC0-40B7-8811-FDD90C014693}"
EndProject
Global
	GlobalSection(SolutionConfigurationPlatforms) = preSolution
		Debug|Any CPU = Debug|Any CPU
		Release|Any CPU = Release|Any CPU
	EndGlobalSection
	GlobalSection(ProjectConfigurationPlatforms) = postSolution
		{711BED77-3F07-469C-B411-19A8C8D95E62}.Debug|Any CPU.ActiveCfg = Debug|Any CPU
		{711BED77-3F07-469C-B411-19A8C8D95E62}.Debug|Any CPU.Build.0 = Debug|Any CPU
		{711BED77-3F07-469C-B411-19A8C8D95E62}.Release|Any CPU.ActiveCfg = Release|Any CPU
		{711BED77-3F07-469C-B411-19A8C8D95E62}.Release|Any CPU.Build.0 = Release|Any CPU
		{9D1B91D4-7FA2-42E0-A6DB-2276DFAED4CD}.Debug|Any CPU.ActiveCfg = Debug|Any CPU
		{9D1B91D4-7FA2-42E0-A6DB-2276DFAED4CD}.Debug|Any CPU.Build.0 = Debug|Any CPU
		{9D1B91D4-7FA2-42E0-A6DB-2276DFAED4CD}.Release|Any CPU.ActiveCfg = Release|Any CPU
		{9D1B91D4-7FA2-42E0-A6DB-2276DFAED4CD}.Release|Any CPU.Build.0 = Release|Any CPU
		{6E405C75-8E75-4F6C-AEA8-051F6E451A20}.Debug|Any CPU.ActiveCfg = Debug|Any CPU
		{6E405C75-8E75-4F6C-AEA8-051F6E451A20}.Debug|Any CPU.Build.0 = Debug|Any CPU
		{6E405C75-8E75-4F6C-AEA8-051F6E451A20}.Release|Any CPU.ActiveCfg = Release|Any CPU
		{6E405C75-8E75-4F6C-AEA8-051F6E451A20}.Release|Any CPU.Build.0 = Release|Any CPU
		{1B512D15-9C13-439D-82D1-7B8AF045CFDB}.Debug|Any CPU.ActiveCfg = Debug|Any CPU
		{1B512D15-9C13-439D-82D1-7B8AF045CFDB}.Debug|Any CPU.Build.0 = Debug|Any CPU
		{1B512D15-9C13-439D-82D1-7B8AF045CFDB}.Release|Any CPU.ActiveCfg = Release|Any CPU
		{1B512D15-9C13-439D-82D1-7B8AF045CFDB}.Release|Any CPU.Build.0 = Release|Any CPU
		{0CD7869F-2BD7-4C71-8EA8-80867D3A690F}.Debug|Any CPU.ActiveCfg = Debug|Any CPU
		{0CD7869F-2BD7-4C71-8EA8-80867D3A690F}.Debug|Any CPU.Build.0 = Debug|Any CPU
		{0CD7869F-2BD7-4C71-8EA8-80867D3A690F}.Release|Any CPU.ActiveCfg = Release|Any CPU
		{0CD7869F-2BD7-4C71-8EA8-80867D3A690F}.Release|Any CPU.Build.0 = Release|Any CPU
		{B08C5A8D-4F18-4422-AE62-81A6448191B6}.Debug|Any CPU.ActiveCfg = Debug|Any CPU
		{B08C5A8D-4F18-4422-AE62-81A6448191B6}.Debug|Any CPU.Build.0 = Debug|Any CPU
		{B08C5A8D-4F18-4422-AE62-81A6448191B6}.Release|Any CPU.ActiveCfg = Release|Any CPU
		{B08C5A8D-4F18-4422-AE62-81A6448191B6}.Release|Any CPU.Build.0 = Release|Any CPU
		{444C258D-B0DC-4D92-AA2B-A2989AFB6FE9}.Debug|Any CPU.ActiveCfg = Debug|Any CPU
		{444C258D-B0DC-4D92-AA2B-A2989AFB6FE9}.Debug|Any CPU.Build.0 = Debug|Any CPU
		{444C258D-B0DC-4D92-AA2B-A2989AFB6FE9}.Release|Any CPU.ActiveCfg = Release|Any CPU
		{444C258D-B0DC-4D92-AA2B-A2989AFB6FE9}.Release|Any CPU.Build.0 = Release|Any CPU
		{FFE8AC35-EAA6-4372-A720-19AB6FA6682D}.Debug|Any CPU.ActiveCfg = Debug|Any CPU
		{FFE8AC35-EAA6-4372-A720-19AB6FA6682D}.Debug|Any CPU.Build.0 = Debug|Any CPU
		{FFE8AC35-EAA6-4372-A720-19AB6FA6682D}.Release|Any CPU.ActiveCfg = Release|Any CPU
		{FFE8AC35-EAA6-4372-A720-19AB6FA6682D}.Release|Any CPU.Build.0 = Release|Any CPU
		{80D5E279-FB22-4AAA-B4AD-917B498E37AE}.Debug|Any CPU.ActiveCfg = Debug|Any CPU
		{80D5E279-FB22-4AAA-B4AD-917B498E37AE}.Debug|Any CPU.Build.0 = Debug|Any CPU
		{80D5E279-FB22-4AAA-B4AD-917B498E37AE}.Release|Any CPU.ActiveCfg = Release|Any CPU
		{80D5E279-FB22-4AAA-B4AD-917B498E37AE}.Release|Any CPU.Build.0 = Release|Any CPU
		{3291E866-66B1-40C8-8053-30FDE0EB2AA9}.Debug|Any CPU.ActiveCfg = Debug|Any CPU
		{3291E866-66B1-40C8-8053-30FDE0EB2AA9}.Debug|Any CPU.Build.0 = Debug|Any CPU
		{3291E866-66B1-40C8-8053-30FDE0EB2AA9}.Release|Any CPU.ActiveCfg = Release|Any CPU
		{3291E866-66B1-40C8-8053-30FDE0EB2AA9}.Release|Any CPU.Build.0 = Release|Any CPU
		{C1ADEDD3-3BEC-4959-AA5B-0E8671B55065}.Debug|Any CPU.ActiveCfg = Debug|Any CPU
		{C1ADEDD3-3BEC-4959-AA5B-0E8671B55065}.Debug|Any CPU.Build.0 = Debug|Any CPU
		{C1ADEDD3-3BEC-4959-AA5B-0E8671B55065}.Release|Any CPU.ActiveCfg = Release|Any CPU
		{C1ADEDD3-3BEC-4959-AA5B-0E8671B55065}.Release|Any CPU.Build.0 = Release|Any CPU
		{F3B423A2-C48B-4BF3-94E3-3779AD00D03B}.Debug|Any CPU.ActiveCfg = Debug|Any CPU
		{F3B423A2-C48B-4BF3-94E3-3779AD00D03B}.Debug|Any CPU.Build.0 = Debug|Any CPU
		{F3B423A2-C48B-4BF3-94E3-3779AD00D03B}.Release|Any CPU.ActiveCfg = Release|Any CPU
		{F3B423A2-C48B-4BF3-94E3-3779AD00D03B}.Release|Any CPU.Build.0 = Release|Any CPU
		{FE2136A1-D28F-41DC-B1BF-FE5A3CE8CFD2}.Debug|Any CPU.ActiveCfg = Debug|Any CPU
		{FE2136A1-D28F-41DC-B1BF-FE5A3CE8CFD2}.Debug|Any CPU.Build.0 = Debug|Any CPU
		{FE2136A1-D28F-41DC-B1BF-FE5A3CE8CFD2}.Release|Any CPU.ActiveCfg = Release|Any CPU
		{FE2136A1-D28F-41DC-B1BF-FE5A3CE8CFD2}.Release|Any CPU.Build.0 = Release|Any CPU
		{D1E011E0-35A5-4EAF-A2FD-C49ADC732262}.Debug|Any CPU.ActiveCfg = Debug|Any CPU
		{D1E011E0-35A5-4EAF-A2FD-C49ADC732262}.Debug|Any CPU.Build.0 = Debug|Any CPU
		{D1E011E0-35A5-4EAF-A2FD-C49ADC732262}.Release|Any CPU.ActiveCfg = Release|Any CPU
		{D1E011E0-35A5-4EAF-A2FD-C49ADC732262}.Release|Any CPU.Build.0 = Release|Any CPU
		{5571572D-45D2-4587-8A76-AEA73D2AB3BB}.Debug|Any CPU.ActiveCfg = Debug|Any CPU
		{5571572D-45D2-4587-8A76-AEA73D2AB3BB}.Debug|Any CPU.Build.0 = Debug|Any CPU
		{5571572D-45D2-4587-8A76-AEA73D2AB3BB}.Release|Any CPU.ActiveCfg = Release|Any CPU
		{5571572D-45D2-4587-8A76-AEA73D2AB3BB}.Release|Any CPU.Build.0 = Release|Any CPU
		{64488114-9B2D-474C-8CB2-4ABEAFC6953C}.Debug|Any CPU.ActiveCfg = Debug|Any CPU
		{64488114-9B2D-474C-8CB2-4ABEAFC6953C}.Debug|Any CPU.Build.0 = Debug|Any CPU
		{64488114-9B2D-474C-8CB2-4ABEAFC6953C}.Release|Any CPU.ActiveCfg = Release|Any CPU
		{64488114-9B2D-474C-8CB2-4ABEAFC6953C}.Release|Any CPU.Build.0 = Release|Any CPU
		{A882AE32-7E8F-4B99-B1D9-25534C4F6A11}.Debug|Any CPU.ActiveCfg = Debug|Any CPU
		{A882AE32-7E8F-4B99-B1D9-25534C4F6A11}.Debug|Any CPU.Build.0 = Debug|Any CPU
		{A882AE32-7E8F-4B99-B1D9-25534C4F6A11}.Release|Any CPU.ActiveCfg = Release|Any CPU
		{A882AE32-7E8F-4B99-B1D9-25534C4F6A11}.Release|Any CPU.Build.0 = Release|Any CPU
		{FA521668-BE2D-4574-A548-318A2FC7A0E6}.Debug|Any CPU.ActiveCfg = Debug|Any CPU
		{FA521668-BE2D-4574-A548-318A2FC7A0E6}.Debug|Any CPU.Build.0 = Debug|Any CPU
		{FA521668-BE2D-4574-A548-318A2FC7A0E6}.Release|Any CPU.ActiveCfg = Release|Any CPU
		{FA521668-BE2D-4574-A548-318A2FC7A0E6}.Release|Any CPU.Build.0 = Release|Any CPU
		{4552C39D-E970-45CF-A98A-DF7EBC3B0BD1}.Debug|Any CPU.ActiveCfg = Debug|Any CPU
		{4552C39D-E970-45CF-A98A-DF7EBC3B0BD1}.Debug|Any CPU.Build.0 = Debug|Any CPU
		{4552C39D-E970-45CF-A98A-DF7EBC3B0BD1}.Release|Any CPU.ActiveCfg = Release|Any CPU
		{4552C39D-E970-45CF-A98A-DF7EBC3B0BD1}.Release|Any CPU.Build.0 = Release|Any CPU
		{594A9296-DC75-4A29-AAC7-CB07230118E8}.Debug|Any CPU.ActiveCfg = Debug|Any CPU
		{594A9296-DC75-4A29-AAC7-CB07230118E8}.Debug|Any CPU.Build.0 = Debug|Any CPU
		{594A9296-DC75-4A29-AAC7-CB07230118E8}.Release|Any CPU.ActiveCfg = Release|Any CPU
		{594A9296-DC75-4A29-AAC7-CB07230118E8}.Release|Any CPU.Build.0 = Release|Any CPU
		{A9A0776D-08EE-4C9F-B711-048CD9A8CC4E}.Debug|Any CPU.ActiveCfg = Debug|Any CPU
		{A9A0776D-08EE-4C9F-B711-048CD9A8CC4E}.Debug|Any CPU.Build.0 = Debug|Any CPU
		{A9A0776D-08EE-4C9F-B711-048CD9A8CC4E}.Release|Any CPU.ActiveCfg = Release|Any CPU
		{A9A0776D-08EE-4C9F-B711-048CD9A8CC4E}.Release|Any CPU.Build.0 = Release|Any CPU
		{16A23717-A82F-4B75-AFD0-5422256DCDB8}.Debug|Any CPU.ActiveCfg = Debug|Any CPU
		{16A23717-A82F-4B75-AFD0-5422256DCDB8}.Debug|Any CPU.Build.0 = Debug|Any CPU
		{16A23717-A82F-4B75-AFD0-5422256DCDB8}.Release|Any CPU.ActiveCfg = Release|Any CPU
		{16A23717-A82F-4B75-AFD0-5422256DCDB8}.Release|Any CPU.Build.0 = Release|Any CPU
		{595F3258-9394-43C3-A24E-18F926838EA6}.Debug|Any CPU.ActiveCfg = Debug|Any CPU
		{595F3258-9394-43C3-A24E-18F926838EA6}.Debug|Any CPU.Build.0 = Debug|Any CPU
		{595F3258-9394-43C3-A24E-18F926838EA6}.Release|Any CPU.ActiveCfg = Release|Any CPU
		{595F3258-9394-43C3-A24E-18F926838EA6}.Release|Any CPU.Build.0 = Release|Any CPU
		{40BE7A08-53EC-4BDF-941D-E5BEC44DCDB3}.Debug|Any CPU.ActiveCfg = Debug|Any CPU
		{40BE7A08-53EC-4BDF-941D-E5BEC44DCDB3}.Debug|Any CPU.Build.0 = Debug|Any CPU
		{40BE7A08-53EC-4BDF-941D-E5BEC44DCDB3}.Release|Any CPU.ActiveCfg = Release|Any CPU
		{40BE7A08-53EC-4BDF-941D-E5BEC44DCDB3}.Release|Any CPU.Build.0 = Release|Any CPU
		{61DCC694-20DF-4214-B012-CDE1938A88F4}.Debug|Any CPU.ActiveCfg = Debug|Any CPU
		{61DCC694-20DF-4214-B012-CDE1938A88F4}.Debug|Any CPU.Build.0 = Debug|Any CPU
		{61DCC694-20DF-4214-B012-CDE1938A88F4}.Release|Any CPU.ActiveCfg = Release|Any CPU
		{61DCC694-20DF-4214-B012-CDE1938A88F4}.Release|Any CPU.Build.0 = Release|Any CPU
		{DF94B49F-04B3-4035-863F-2264EA3D60A4}.Debug|Any CPU.ActiveCfg = Debug|Any CPU
		{DF94B49F-04B3-4035-863F-2264EA3D60A4}.Debug|Any CPU.Build.0 = Debug|Any CPU
		{DF94B49F-04B3-4035-863F-2264EA3D60A4}.Release|Any CPU.ActiveCfg = Release|Any CPU
		{DF94B49F-04B3-4035-863F-2264EA3D60A4}.Release|Any CPU.Build.0 = Release|Any CPU
		{274223BC-8015-40E9-B7DE-7DF0713FADEF}.Debug|Any CPU.ActiveCfg = Debug|Any CPU
		{274223BC-8015-40E9-B7DE-7DF0713FADEF}.Debug|Any CPU.Build.0 = Debug|Any CPU
		{274223BC-8015-40E9-B7DE-7DF0713FADEF}.Release|Any CPU.ActiveCfg = Release|Any CPU
		{274223BC-8015-40E9-B7DE-7DF0713FADEF}.Release|Any CPU.Build.0 = Release|Any CPU
		{0104C18F-CAAE-4A17-BD51-376B68E9B1F3}.Debug|Any CPU.ActiveCfg = Debug|Any CPU
		{0104C18F-CAAE-4A17-BD51-376B68E9B1F3}.Debug|Any CPU.Build.0 = Debug|Any CPU
		{0104C18F-CAAE-4A17-BD51-376B68E9B1F3}.Release|Any CPU.ActiveCfg = Release|Any CPU
		{0104C18F-CAAE-4A17-BD51-376B68E9B1F3}.Release|Any CPU.Build.0 = Release|Any CPU
		{7BA356E7-2FC0-40B7-8811-FDD90C014693}.Debug|Any CPU.ActiveCfg = Debug|Any CPU
		{7BA356E7-2FC0-40B7-8811-FDD90C014693}.Debug|Any CPU.Build.0 = Debug|Any CPU
		{7BA356E7-2FC0-40B7-8811-FDD90C014693}.Release|Any CPU.ActiveCfg = Release|Any CPU
		{7BA356E7-2FC0-40B7-8811-FDD90C014693}.Release|Any CPU.Build.0 = Release|Any CPU
	EndGlobalSection
	GlobalSection(SolutionProperties) = preSolution
		HideSolutionNode = FALSE
	EndGlobalSection
EndGlobal
